{
  "object": {
    "pins": [
      {
        "package": "Defaults",
        "repositoryURL": "https://github.com/sindresorhus/Defaults.git",
        "state": {
          "branch": null,
          "revision": "d98119fee49c893fae553103a8659ffe003b6cfe",
          "version": "4.1.0"
        }
      },
      {
        "package": "ExceptionCatcher",
        "repositoryURL": "https://github.com/sindresorhus/ExceptionCatcher",
        "state": {
          "branch": null,
          "revision": "3787f25119e1406b4c5e47fc654626a9d5d7e111",
          "version": "1.1.0"
        }
      },
      {
        "package": "Glimmer",
        "repositoryURL": "https://github.com/jashephe/Glimmer.git",
        "state": {
          "branch": null,
          "revision": "09763d853beccdd0ee6629dd0977e9d412f7c2e5",
          "version": "1.0.0"
        }
      },
      {
        "package": "Preferences",
        "repositoryURL": "https://github.com/sindresorhus/Preferences.git",
        "state": {
          "branch": null,
          "revision": "ad69881dc060cd590d3edfb84c7cc444d87e280a",
          "version": "2.1.0"
        }
      },
      {
        "package": "Version",
        "repositoryURL": "https://github.com/mxcl/Version.git",
        "state": {
          "branch": null,
          "revision": "a94b48f36763c05629fc102837398505032dead9",
          "version": "2.0.0"
        }
      },
      {
        "package": "ZXingObjC",
        "repositoryURL": "https://github.com/zxingify/zxingify-objc.git",
        "state": {
          "branch": null,
          "revision": "e75eeff2089d66fc94514b43db3678a8812a9bbe",
          "version": "3.6.7"
        }
      }
    ]
  },
  "version": 1
}
