{
  "object": {
    "pins": [
      {
        "package": "Defaults",
        "repositoryURL": "https://github.com/sindresorhus/Defaults.git",
        "state": {
          "branch": null,
          "revision": "63d93f97ad545c8bceb125a8a36175ea705f7cf5",
          "version": "5.0.0"
        }
      },
      {
        "package": "ExceptionCatcher",
        "repositoryURL": "https://github.com/sindresorhus/ExceptionCatcher",
        "state": {
          "branch": null,
          "revision": "9d99a736e17f67ab3aa333c0dad7ed2ee9d6b2b9",
          "version": "2.0.0"
        }
      },
      {
        "package": "Glimmer",
        "repositoryURL": "https://github.com/jashephe/Glimmer.git",
        "state": {
          "branch": null,
          "revision": "09763d853beccdd0ee6629dd0977e9d412f7c2e5",
          "version": "1.0.0"
        }
      },
      {
        "package": "Preferences",
        "repositoryURL": "https://github.com/sindresorhus/Preferences.git",
        "state": {
          "branch": null,
          "revision": "4dbcbdcc35d8d28e59fb63065d7c1a1b02289e51",
          "version": "2.3.0"
        }
      },
      {
        "package": "Version",
        "repositoryURL": "https://github.com/mxcl/Version.git",
        "state": {
          "branch": null,
          "revision": "1fe824b80d89201652e7eca7c9252269a1d85e25",
          "version": "2.0.1"
        }
      },
      {
        "package": "ZXingObjC",
        "repositoryURL": "https://github.com/zxingify/zxingify-objc.git",
        "state": {
          "branch": null,
          "revision": "e75eeff2089d66fc94514b43db3678a8812a9bbe",
          "version": "3.6.7"
        }
      }
    ]
  },
  "version": 1
}
